
Microsoft Visual Studio Solution File, Format Version 12.00
# Visual Studio Version 16
VisualStudioVersion = 16.0.29123.88
MinimumVisualStudioVersion = 10.0.40219.1
Project("{FAE04EC0-301F-11D3-BF4B-00C04F79EFBC}") = "ClientAPi", "ClientAPi\ClientAPi.csproj", "{1AE1EC71-900F-4EF6-A5B6-6A077A11DFAF}"
EndProject
Global
	GlobalSection(SolutionConfigurationPlatforms) = preSolution
		Debug|Any CPU = Debug|Any CPU
		Release|Any CPU = Release|Any CPU
	EndGlobalSection
	GlobalSection(ProjectConfigurationPlatforms) = postSolution
		{1AE1EC71-900F-4EF6-A5B6-6A077A11DFAF}.Debug|Any CPU.ActiveCfg = Debug|Any CPU
		{1AE1EC71-900F-4EF6-A5B6-6A077A11DFAF}.Debug|Any CPU.Build.0 = Debug|Any CPU
		{1AE1EC71-900F-4EF6-A5B6-6A077A11DFAF}.Release|Any CPU.ActiveCfg = Release|Any CPU
		{1AE1EC71-900F-4EF6-A5B6-6A077A11DFAF}.Release|Any CPU.Build.0 = Release|Any CPU
	EndGlobalSection
	GlobalSection(SolutionProperties) = preSolution
		HideSolutionNode = FALSE
	EndGlobalSection
	GlobalSection(ExtensibilityGlobals) = postSolution
		SolutionGuid = {025D4B18-2D37-4465-A559-C3CD9A447418}
	EndGlobalSection
EndGlobal
